<?xml version="1.0" encoding="UTF-8"?>
<CONFIG>
  <ProjectOptions>
    <Version Value="25"/>
    <PathDelim Value="\"/>
    <General>
      <IsDelphiProject Value="False"/>
      <LCLType>1</LCLType>
      <TargetFileExtension>.exe</TargetFileExtension>
      <MainSource>FalloutCompiler.lpr</MainSource>
      <ProjectUnitDirs>
        <Path value="."/>
      </ProjectUnitDirs>
      <SRCUnitPath/>
      <ComDirs/>
      <DesignOnlyDirs/>
      <DesignOnlySrcPaths/>
    </General>

    <Configurations>
      <Configurations Count="1">
        <Item name="Default" Required="True">
          <Item name="ProjPathOptions" Required="False"/>
          <Item name="BuildModes" Count="1">
            <Item name="Mode" Value="1" Index="0"/>
          </Item>
        </Item>
      </Configurations>
    </Configurations>

    <BuildModes>
      <Item Name="Default" Default="True">
        <Item Name="BuildModeValue">0</Item>
        <BuildModeEssentials>
          <Item Name="Target" Value="1"/>
          <Item Name="GetScrSize">False</Item>
          <Item Name="CommandLineParams"></Item>
          <Item Name="TargetFilename">FalloutCompiler.exe</Item>
        </BuildModeEssentials>
      </Item>
    </BuildModes>

    <Compiler>
      <SearchPaths>
        <UnitPaths Value=".\"/>
      </SearchPaths>
    </Compiler>

    <PathsAndConditions>
      <UnitOutputDirectory Value=".\bin\Lazarus"/>
      <SrcPath>
        <Path value="."/>
      </SrcPath>
    </PathsAndConditions>

    <ResourcesAndImages>
      <Other>
        <PathItemln Name="icon" PathName="sslc_Icon.ico"/>
      </Other>
    </ResourcesAndImages>
  </ProjectOptions>

  <DIR>
    <Itemln Name="icon" Required="False"/>
    <Itemln Name="DelphiToLazarus" Required="False">
      <State Value="dir" DefaultIncluded="True" UnitType="254"/>
    </Itemln>
    <Itemln Name="FalloutCompiler.lpr" Required="True" HasResources="True" HasPP="True">
      <State Value="lpr" DefaultIncluded="True" UnitType="2"/>
    </Itemln>
    <Itemln Name="uCompilerGUI.pas" Required="True" HasForm="True">
      <State Value="pas" DefaultIncluded="True" UnitType="0"/>
    </Itemln>
    <Itemln Name="uCompilerGUI.dfm" Required="True">
      <State Value="form" DefaultIncluded="True" UnitType="26"/>
    </Itemln>
    <Itemln Name="uBuiltins.pas" Required="True">
      <State Value="pas" DefaultIncluded="True" UnitType="0"/>
    </Itemln>
    <Itemln Name="uLexer.pas" Required="True">
      <State Value="pas" DefaultIncluded="True" UnitType="0"/>
    </Itemln>
    <Itemln Name="uAST.pas" Required="True">
      <State Value="pas" DefaultIncluded="True" UnitType="0"/>
    </Itemln>
    <Itemln Name="uParser.pas" Required="True">
      <State Value="pas" DefaultIncluded="True" UnitType="0"/>
    </Itemln>
    <Itemln Name="uBytecode.pas" Required="True">
      <State Value="pas" DefaultIncluded="True" UnitType="0"/>
    </Itemln>
    <Itemln Name="uINTWriter.pas" Required="True">
      <State Value="pas" DefaultIncluded="True" UnitType="0"/>
    </Itemln>
    <Itemln Name="uCompiler.pas" Required="True">
      <State Value="pas" DefaultIncluded="True" UnitType="0"/>
    </Itemln>
    <Itemln Name="uPreprocessor.pas" Required="True">
      <State Value="pas" DefaultIncluded="True" UnitType="0"/>
    </Itemln>
  </DIR>
</CONFIG>
